{
  "name": "debouncesp",
  "version": "1.0.1",
  "lockfileVersion": 3,
  "requires": true,
  "packages": {
    "": {
      "name": "debouncesp",
      "version": "1.0.1",
      "license": "ISC",
      "dependencies": {
        "debouncesp": "file:"
      }
    },
    "node_modules/debouncesp": {
      "resolved": "",
      "link": true
    }
  }
}
